
Microsoft Visual Studio Solution File, Format Version 12.00
# Visual Studio Version 17
VisualStudioVersion = 17.7.34031.279
MinimumVisualStudioVersion = 10.0.40219.1
Project("{8BC9CEB8-8B4A-11D0-8D11-00A0C91BC942}") = "2191215_ 유상완_자료구조 과제4", "2191215_ 유상완_자료구조 과제4\2191215_ 유상완_자료구조 과제4.vcxproj", "{17FF9633-F708-46FD-8F9A-EDF95165974E}"
EndProject
Global
	GlobalSection(SolutionConfigurationPlatforms) = preSolution
		Debug|x64 = Debug|x64
		Debug|x86 = Debug|x86
		Release|x64 = Release|x64
		Release|x86 = Release|x86
	EndGlobalSection
	GlobalSection(ProjectConfigurationPlatforms) = postSolution
		{17FF9633-F708-46FD-8F9A-EDF95165974E}.Debug|x64.ActiveCfg = Debug|x64
		{17FF9633-F708-46FD-8F9A-EDF95165974E}.Debug|x64.Build.0 = Debug|x64
		{17FF9633-F708-46FD-8F9A-EDF95165974E}.Debug|x86.ActiveCfg = Debug|Win32
		{17FF9633-F708-46FD-8F9A-EDF95165974E}.Debug|x86.Build.0 = Debug|Win32
		{17FF9633-F708-46FD-8F9A-EDF95165974E}.Release|x64.ActiveCfg = Release|x64
		{17FF9633-F708-46FD-8F9A-EDF95165974E}.Release|x64.Build.0 = Release|x64
		{17FF9633-F708-46FD-8F9A-EDF95165974E}.Release|x86.ActiveCfg = Release|Win32
		{17FF9633-F708-46FD-8F9A-EDF95165974E}.Release|x86.Build.0 = Release|Win32
	EndGlobalSection
	GlobalSection(SolutionProperties) = preSolution
		HideSolutionNode = FALSE
	EndGlobalSection
	GlobalSection(ExtensibilityGlobals) = postSolution
		SolutionGuid = {667F224B-4905-4019-8241-194E4A84EC05}
	EndGlobalSection
EndGlobal
